// !$*UTF8*$!
{
	archiveVersion = 1;
	classes = {
	};
	objectVersion = 46;
	objects = {

/* Begin PBXBuildFile section */
		D041E30E1BC902AB0062A648 /* main.m in Sources */ = {isa = PBXBuildFile; fileRef = D041E30D1BC902AB0062A648 /* main.m */; };
		D041E3161BC902D70062A648 /* LVRestaurantHelper.m in Sources */ = {isa = PBXBuildFile; fileRef = D041E3151BC902D70062A648 /* LVRestaurantHelper.m */; };
		D041E3191BC910730062A648 /* LVEntry.m in Sources */ = {isa = PBXBuildFile; fileRef = D041E3181BC910730062A648 /* LVEntry.m */; };
		D09271451BCFC74600095049 /* LVInformation.m in Sources */ = {isa = PBXBuildFile; fileRef = D09271441BCFC74600095049 /* LVInformation.m */; };
/* End PBXBuildFile section */

/* Begin PBXCopyFilesBuildPhase section */
		D041E3081BC902AB0062A648 /* CopyFiles */ = {
			isa = PBXCopyFilesBuildPhase;
			buildActionMask = 2147483647;
			dstPath = /usr/share/man/man1/;
			dstSubfolderSpec = 0;
			files = (
			);
			runOnlyForDeploymentPostprocessing = 1;
		};
/* End PBXCopyFilesBuildPhase section */

/* Begin PBXFileReference section */
		D041E30A1BC902AB0062A648 /* LVTask6 */ = {isa = PBXFileReference; explicitFileType = "compiled.mach-o.executable"; includeInIndex = 0; path = LVTask6; sourceTree = BUILT_PRODUCTS_DIR; };
		D041E30D1BC902AB0062A648 /* main.m */ = {isa = PBXFileReference; lastKnownFileType = sourcecode.c.objc; path = main.m; sourceTree = "<group>"; };
		D041E3141BC902D70062A648 /* LVRestaurantHelper.h */ = {isa = PBXFileReference; fileEncoding = 4; lastKnownFileType = sourcecode.c.h; path = LVRestaurantHelper.h; sourceTree = "<group>"; };
		D041E3151BC902D70062A648 /* LVRestaurantHelper.m */ = {isa = PBXFileReference; fileEncoding = 4; lastKnownFileType = sourcecode.c.objc; path = LVRestaurantHelper.m; sourceTree = "<group>"; };
		D041E3171BC910730062A648 /* LVEntry.h */ = {isa = PBXFileReference; fileEncoding = 4; lastKnownFileType = sourcecode.c.h; path = LVEntry.h; sourceTree = "<group>"; };
		D041E3181BC910730062A648 /* LVEntry.m */ = {isa = PBXFileReference; fileEncoding = 4; lastKnownFileType = sourcecode.c.objc; path = LVEntry.m; sourceTree = "<group>"; };
		D07052C31BCBE72100D5F592 /* PList.plist */ = {isa = PBXFileReference; fileEncoding = 4; lastKnownFileType = text.plist.xml; path = PList.plist; sourceTree = "<group>"; };
		D09271431BCFC74600095049 /* LVInformation.h */ = {isa = PBXFileReference; fileEncoding = 4; lastKnownFileType = sourcecode.c.h; path = LVInformation.h; sourceTree = "<group>"; };
		D09271441BCFC74600095049 /* LVInformation.m */ = {isa = PBXFileReference; fileEncoding = 4; lastKnownFileType = sourcecode.c.objc; path = LVInformation.m; sourceTree = "<group>"; };
/* End PBXFileReference section */

/* Begin PBXFrameworksBuildPhase section */
		D041E3071BC902AB0062A648 /* Frameworks */ = {
			isa = PBXFrameworksBuildPhase;
			buildActionMask = 2147483647;
			files = (
			);
			runOnlyForDeploymentPostprocessing = 0;
		};
/* End PBXFrameworksBuildPhase section */

/* Begin PBXGroup section */
		D041E3011BC902AB0062A648 = {
			isa = PBXGroup;
			children = (
				D041E30C1BC902AB0062A648 /* LVTask6 */,
				D041E30B1BC902AB0062A648 /* Products */,
			);
			sourceTree = "<group>";
		};
		D041E30B1BC902AB0062A648 /* Products */ = {
			isa = PBXGroup;
			children = (
				D041E30A1BC902AB0062A648 /* LVTask6 */,
			);
			name = Products;
			sourceTree = "<group>";
		};
		D041E30C1BC902AB0062A648 /* LVTask6 */ = {
			isa = PBXGroup;
			children = (
				D041E30D1BC902AB0062A648 /* main.m */,
				D041E3141BC902D70062A648 /* LVRestaurantHelper.h */,
				D041E3151BC902D70062A648 /* LVRestaurantHelper.m */,
				D041E3171BC910730062A648 /* LVEntry.h */,
				D041E3181BC910730062A648 /* LVEntry.m */,
				D07052C31BCBE72100D5F592 /* PList.plist */,
				D09271431BCFC74600095049 /* LVInformation.h */,
				D09271441BCFC74600095049 /* LVInformation.m */,
			);
			path = LVTask6;
			sourceTree = "<group>";
		};
/* End PBXGroup section */

/* Begin PBXNativeTarget section */
		D041E3091BC902AB0062A648 /* LVTask6 */ = {
			isa = PBXNativeTarget;
			buildConfigurationList = D041E3111BC902AB0062A648 /* Build configuration list for PBXNativeTarget "LVTask6" */;
			buildPhases = (
				D041E3061BC902AB0062A648 /* Sources */,
				D041E3071BC902AB0062A648 /* Frameworks */,
				D041E3081BC902AB0062A648 /* CopyFiles */,
			);
			buildRules = (
			);
			dependencies = (
			);
			name = LVTask6;
			productName = LVTask6;
			productReference = D041E30A1BC902AB0062A648 /* LVTask6 */;
			productType = "com.apple.product-type.tool";
		};
/* End PBXNativeTarget section */

/* Begin PBXProject section */
		D041E3021BC902AB0062A648 /* Project object */ = {
			isa = PBXProject;
			attributes = {
				LastUpgradeCheck = 0620;
				ORGANIZATIONNAME = fpmi;
				TargetAttributes = {
					D041E3091BC902AB0062A648 = {
						CreatedOnToolsVersion = 6.2;
					};
				};
			};
			buildConfigurationList = D041E3051BC902AB0062A648 /* Build configuration list for PBXProject "LVTask6" */;
			compatibilityVersion = "Xcode 3.2";
			developmentRegion = English;
			hasScannedForEncodings = 0;
			knownRegions = (
				en,
			);
			mainGroup = D041E3011BC902AB0062A648;
			productRefGroup = D041E30B1BC902AB0062A648 /* Products */;
			projectDirPath = "";
			projectRoot = "";
			targets = (
				D041E3091BC902AB0062A648 /* LVTask6 */,
			);
		};
/* End PBXProject section */

/* Begin PBXSourcesBuildPhase section */
		D041E3061BC902AB0062A648 /* Sources */ = {
			isa = PBXSourcesBuildPhase;
			buildActionMask = 2147483647;
			files = (
				D041E3191BC910730062A648 /* LVEntry.m in Sources */,
				D041E3161BC902D70062A648 /* LVRestaurantHelper.m in Sources */,
				D09271451BCFC74600095049 /* LVInformation.m in Sources */,
				D041E30E1BC902AB0062A648 /* main.m in Sources */,
			);
			runOnlyForDeploymentPostprocessing = 0;
		};
/* End PBXSourcesBuildPhase section */

/* Begin XCBuildConfiguration section */
		D041E30F1BC902AB0062A648 /* Debug */ = {
			isa = XCBuildConfiguration;
			buildSettings = {
				ALWAYS_SEARCH_USER_PATHS = NO;
				CLANG_CXX_LANGUAGE_STANDARD = "gnu++0x";
				CLANG_CXX_LIBRARY = "libc++";
				CLANG_ENABLE_MODULES = YES;
				CLANG_ENABLE_OBJC_ARC = YES;
				CLANG_WARN_BOOL_CONVERSION = YES;
				CLANG_WARN_CONSTANT_CONVERSION = YES;
				CLANG_WARN_DIRECT_OBJC_ISA_USAGE = YES_ERROR;
				CLANG_WARN_EMPTY_BODY = YES;
				CLANG_WARN_ENUM_CONVERSION = YES;
				CLANG_WARN_INT_CONVERSION = YES;
				CLANG_WARN_OBJC_ROOT_CLASS = YES_ERROR;
				CLANG_WARN_UNREACHABLE_CODE = YES;
				CLANG_WARN__DUPLICATE_METHOD_MATCH = YES;
				COPY_PHASE_STRIP = NO;
				ENABLE_STRICT_OBJC_MSGSEND = YES;
				GCC_C_LANGUAGE_STANDARD = gnu99;
				GCC_DYNAMIC_NO_PIC = NO;
				GCC_OPTIMIZATION_LEVEL = 0;
				GCC_PREPROCESSOR_DEFINITIONS = (
					"DEBUG=1",
					"$(inherited)",
				);
				GCC_SYMBOLS_PRIVATE_EXTERN = NO;
				GCC_WARN_64_TO_32_BIT_CONVERSION = YES;
				GCC_WARN_ABOUT_RETURN_TYPE = YES_ERROR;
				GCC_WARN_UNDECLARED_SELECTOR = YES;
				GCC_WARN_UNINITIALIZED_AUTOS = YES_AGGRESSIVE;
				GCC_WARN_UNUSED_FUNCTION = YES;
				GCC_WARN_UNUSED_VARIABLE = YES;
				MACOSX_DEPLOYMENT_TARGET = 10.10;
				MTL_ENABLE_DEBUG_INFO = YES;
				ONLY_ACTIVE_ARCH = YES;
				SDKROOT = macosx;
			};
			name = Debug;
		};
		D041E3101BC902AB0062A648 /* Release */ = {
			isa = XCBuildConfiguration;
			buildSettings = {
				ALWAYS_SEARCH_USER_PATHS = NO;
				CLANG_CXX_LANGUAGE_STANDARD = "gnu++0x";
				CLANG_CXX_LIBRARY = "libc++";
				CLANG_ENABLE_MODULES = YES;
				CLANG_ENABLE_OBJC_ARC = YES;
				CLANG_WARN_BOOL_CONVERSION = YES;
				CLANG_WARN_CONSTANT_CONVERSION = YES;
				CLANG_WARN_DIRECT_OBJC_ISA_USAGE = YES_ERROR;
				CLANG_WARN_EMPTY_BODY = YES;
				CLANG_WARN_ENUM_CONVERSION = YES;
				CLANG_WARN_INT_CONVERSION = YES;
				CLANG_WARN_OBJC_ROOT_CLASS = YES_ERROR;
				CLANG_WARN_UNREACHABLE_CODE = YES;
				CLANG_WARN__DUPLICATE_METHOD_MATCH = YES;
				COPY_PHASE_STRIP = NO;
				DEBUG_INFORMATION_FORMAT = "dwarf-with-dsym";
				ENABLE_NS_ASSERTIONS = NO;
				ENABLE_STRICT_OBJC_MSGSEND = YES;
				GCC_C_LANGUAGE_STANDARD = gnu99;
				GCC_WARN_64_TO_32_BIT_CONVERSION = YES;
				GCC_WARN_ABOUT_RETURN_TYPE = YES_ERROR;
				GCC_WARN_UNDECLARED_SELECTOR = YES;
				GCC_WARN_UNINITIALIZED_AUTOS = YES_AGGRESSIVE;
				GCC_WARN_UNUSED_FUNCTION = YES;
				GCC_WARN_UNUSED_VARIABLE = YES;
				MACOSX_DEPLOYMENT_TARGET = 10.10;
				MTL_ENABLE_DEBUG_INFO = NO;
				SDKROOT = macosx;
			};
			name = Release;
		};
		D041E3121BC902AB0062A648 /* Debug */ = {
			isa = XCBuildConfiguration;
			buildSettings = {
				CLANG_ENABLE_OBJC_ARC = NO;
				MACOSX_DEPLOYMENT_TARGET = 10.9;
				PRODUCT_NAME = "$(TARGET_NAME)";
			};
			name = Debug;
		};
		D041E3131BC902AB0062A648 /* Release */ = {
			isa = XCBuildConfiguration;
			buildSettings = {
				CLANG_ENABLE_OBJC_ARC = NO;
				MACOSX_DEPLOYMENT_TARGET = 10.9;
				PRODUCT_NAME = "$(TARGET_NAME)";
			};
			name = Release;
		};
/* End XCBuildConfiguration section */

/* Begin XCConfigurationList section */
		D041E3051BC902AB0062A648 /* Build configuration list for PBXProject "LVTask6" */ = {
			isa = XCConfigurationList;
			buildConfigurations = (
				D041E30F1BC902AB0062A648 /* Debug */,
				D041E3101BC902AB0062A648 /* Release */,
			);
			defaultConfigurationIsVisible = 0;
			defaultConfigurationName = Release;
		};
		D041E3111BC902AB0062A648 /* Build configuration list for PBXNativeTarget "LVTask6" */ = {
			isa = XCConfigurationList;
			buildConfigurations = (
				D041E3121BC902AB0062A648 /* Debug */,
				D041E3131BC902AB0062A648 /* Release */,
			);
			defaultConfigurationIsVisible = 0;
			defaultConfigurationName = Release;
		};
/* End XCConfigurationList section */
	};
	rootObject = D041E3021BC902AB0062A648 /* Project object */;
}
